// !$*UTF8*$!
{
	archiveVersion = 1;
	classes = {
	};
	objectVersion = 56;
	objects = {

/* Begin PBXBuildFile section */
		DC2C528A2A2E4A0D006E6ECA /* AppDelegate.swift in Sources */ = {isa = PBXBuildFile; fileRef = DC2C52892A2E4A0D006E6ECA /* AppDelegate.swift */; };
		DC2C528C2A2E4A0D006E6ECA /* SceneDelegate.swift in Sources */ = {isa = PBXBuildFile; fileRef = DC2C528B2A2E4A0D006E6ECA /* SceneDelegate.swift */; };
		DC2C528E2A2E4A0D006E6ECA /* ViewController.swift in Sources */ = {isa = PBXBuildFile; fileRef = DC2C528D2A2E4A0D006E6ECA /* ViewController.swift */; };
		DC2C52912A2E4A0D006E6ECA /* Main.storyboard in Resources */ = {isa = PBXBuildFile; fileRef = DC2C528F2A2E4A0D006E6ECA /* Main.storyboard */; };
		DC2C52932A2E4A0E006E6ECA /* Assets.xcassets in Resources */ = {isa = PBXBuildFile; fileRef = DC2C52922A2E4A0E006E6ECA /* Assets.xcassets */; };
		DC2C52962A2E4A0E006E6ECA /* LaunchScreen.storyboard in Resources */ = {isa = PBXBuildFile; fileRef = DC2C52942A2E4A0E006E6ECA /* LaunchScreen.storyboard */; };
		DC2C52A12A2E4A0E006E6ECA /* WeatherAppTests.swift in Sources */ = {isa = PBXBuildFile; fileRef = DC2C52A02A2E4A0E006E6ECA /* WeatherAppTests.swift */; };
		DC2C52AB2A2E4A0F006E6ECA /* WeatherAppUITests.swift in Sources */ = {isa = PBXBuildFile; fileRef = DC2C52AA2A2E4A0F006E6ECA /* WeatherAppUITests.swift */; };
		DC2C52AD2A2E4A0F006E6ECA /* WeatherAppUITestsLaunchTests.swift in Sources */ = {isa = PBXBuildFile; fileRef = DC2C52AC2A2E4A0F006E6ECA /* WeatherAppUITestsLaunchTests.swift */; };
		DC2C52C32A2E537C006E6ECA /* AboutUs.swift in Sources */ = {isa = PBXBuildFile; fileRef = DC2C52C22A2E537C006E6ECA /* AboutUs.swift */; };
		DC2C52C42A2E537C006E6ECA /* AboutUs.swift in Sources */ = {isa = PBXBuildFile; fileRef = DC2C52C22A2E537C006E6ECA /* AboutUs.swift */; };
		DC2C52C52A2E537C006E6ECA /* AboutUs.swift in Sources */ = {isa = PBXBuildFile; fileRef = DC2C52C22A2E537C006E6ECA /* AboutUs.swift */; };
		DC2C52C72A2E546A006E6ECA /* WeatherView.swift in Sources */ = {isa = PBXBuildFile; fileRef = DC2C52C62A2E546A006E6ECA /* WeatherView.swift */; };
		DC2C52C82A2E546A006E6ECA /* WeatherView.swift in Sources */ = {isa = PBXBuildFile; fileRef = DC2C52C62A2E546A006E6ECA /* WeatherView.swift */; };
		DC2C52C92A2E546A006E6ECA /* WeatherView.swift in Sources */ = {isa = PBXBuildFile; fileRef = DC2C52C62A2E546A006E6ECA /* WeatherView.swift */; };
		DC2C52CC2A2E55F5006E6ECA /* WeatherViewModel.swift in Sources */ = {isa = PBXBuildFile; fileRef = DC2C52CB2A2E55F5006E6ECA /* WeatherViewModel.swift */; };
		DC2C52CD2A2E55F5006E6ECA /* WeatherViewModel.swift in Sources */ = {isa = PBXBuildFile; fileRef = DC2C52CB2A2E55F5006E6ECA /* WeatherViewModel.swift */; };
		DC2C52CE2A2E55F5006E6ECA /* WeatherViewModel.swift in Sources */ = {isa = PBXBuildFile; fileRef = DC2C52CB2A2E55F5006E6ECA /* WeatherViewModel.swift */; };
		DC2C52D12A2E5A61006E6ECA /* WeatherData.swift in Sources */ = {isa = PBXBuildFile; fileRef = DC2C52D02A2E5A61006E6ECA /* WeatherData.swift */; };
		DC2C52D22A2E5A61006E6ECA /* WeatherData.swift in Sources */ = {isa = PBXBuildFile; fileRef = DC2C52D02A2E5A61006E6ECA /* WeatherData.swift */; };
		DC2C52D32A2E5A61006E6ECA /* WeatherData.swift in Sources */ = {isa = PBXBuildFile; fileRef = DC2C52D02A2E5A61006E6ECA /* WeatherData.swift */; };
		DC2C52D62A2E5BE4006E6ECA /* LocationManager.swift in Sources */ = {isa = PBXBuildFile; fileRef = DC2C52D52A2E5BE4006E6ECA /* LocationManager.swift */; };
		DC2C52D72A2E5BE4006E6ECA /* LocationManager.swift in Sources */ = {isa = PBXBuildFile; fileRef = DC2C52D52A2E5BE4006E6ECA /* LocationManager.swift */; };
		DC2C52D82A2E5BE4006E6ECA /* LocationManager.swift in Sources */ = {isa = PBXBuildFile; fileRef = DC2C52D52A2E5BE4006E6ECA /* LocationManager.swift */; };
		DC2C52DA2A2E5CB4006E6ECA /* PrefrenceStore.swift in Sources */ = {isa = PBXBuildFile; fileRef = DC2C52D92A2E5CB4006E6ECA /* PrefrenceStore.swift */; };
		DC2C52DB2A2E5CB4006E6ECA /* PrefrenceStore.swift in Sources */ = {isa = PBXBuildFile; fileRef = DC2C52D92A2E5CB4006E6ECA /* PrefrenceStore.swift */; };
		DC2C52DC2A2E5CB4006E6ECA /* PrefrenceStore.swift in Sources */ = {isa = PBXBuildFile; fileRef = DC2C52D92A2E5CB4006E6ECA /* PrefrenceStore.swift */; };
		DC2C52DE2A2E5CE4006E6ECA /* WeatherDataRepository.swift in Sources */ = {isa = PBXBuildFile; fileRef = DC2C52DD2A2E5CE4006E6ECA /* WeatherDataRepository.swift */; };
		DC2C52DF2A2E5CE4006E6ECA /* WeatherDataRepository.swift in Sources */ = {isa = PBXBuildFile; fileRef = DC2C52DD2A2E5CE4006E6ECA /* WeatherDataRepository.swift */; };
		DC2C52E02A2E5CE4006E6ECA /* WeatherDataRepository.swift in Sources */ = {isa = PBXBuildFile; fileRef = DC2C52DD2A2E5CE4006E6ECA /* WeatherDataRepository.swift */; };
		DC2C52E22A2E5D00006E6ECA /* RemoteWeatherDataRepository.swift in Sources */ = {isa = PBXBuildFile; fileRef = DC2C52E12A2E5D00006E6ECA /* RemoteWeatherDataRepository.swift */; };
		DC2C52E32A2E5D00006E6ECA /* RemoteWeatherDataRepository.swift in Sources */ = {isa = PBXBuildFile; fileRef = DC2C52E12A2E5D00006E6ECA /* RemoteWeatherDataRepository.swift */; };
		DC2C52E42A2E5D00006E6ECA /* RemoteWeatherDataRepository.swift in Sources */ = {isa = PBXBuildFile; fileRef = DC2C52E12A2E5D00006E6ECA /* RemoteWeatherDataRepository.swift */; };
		DC2C52E62A2E5D29006E6ECA /* MetricsManager.swift in Sources */ = {isa = PBXBuildFile; fileRef = DC2C52E52A2E5D29006E6ECA /* MetricsManager.swift */; };
		DC2C52E72A2E5D29006E6ECA /* MetricsManager.swift in Sources */ = {isa = PBXBuildFile; fileRef = DC2C52E52A2E5D29006E6ECA /* MetricsManager.swift */; };
		DC2C52E82A2E5D29006E6ECA /* MetricsManager.swift in Sources */ = {isa = PBXBuildFile; fileRef = DC2C52E52A2E5D29006E6ECA /* MetricsManager.swift */; };
		DC2C52EA2A2E5D47006E6ECA /* DependencyInjection.swift in Sources */ = {isa = PBXBuildFile; fileRef = DC2C52E92A2E5D47006E6ECA /* DependencyInjection.swift */; };
		DC2C52EB2A2E5D47006E6ECA /* DependencyInjection.swift in Sources */ = {isa = PBXBuildFile; fileRef = DC2C52E92A2E5D47006E6ECA /* DependencyInjection.swift */; };
		DC2C52EC2A2E5D47006E6ECA /* DependencyInjection.swift in Sources */ = {isa = PBXBuildFile; fileRef = DC2C52E92A2E5D47006E6ECA /* DependencyInjection.swift */; };
		DC2C52EE2A2E5D79006E6ECA /* WeatherAPIResponse.swift in Sources */ = {isa = PBXBuildFile; fileRef = DC2C52ED2A2E5D79006E6ECA /* WeatherAPIResponse.swift */; };
		DC2C52EF2A2E5D79006E6ECA /* WeatherAPIResponse.swift in Sources */ = {isa = PBXBuildFile; fileRef = DC2C52ED2A2E5D79006E6ECA /* WeatherAPIResponse.swift */; };
		DC2C52F02A2E5D79006E6ECA /* WeatherAPIResponse.swift in Sources */ = {isa = PBXBuildFile; fileRef = DC2C52ED2A2E5D79006E6ECA /* WeatherAPIResponse.swift */; };
/* End PBXBuildFile section */

/* Begin PBXContainerItemProxy section */
		DC2C529D2A2E4A0E006E6ECA /* PBXContainerItemProxy */ = {
			isa = PBXContainerItemProxy;
			containerPortal = DC2C527E2A2E4A0D006E6ECA /* Project object */;
			proxyType = 1;
			remoteGlobalIDString = DC2C52852A2E4A0D006E6ECA;
			remoteInfo = WeatherApp;
		};
		DC2C52A72A2E4A0F006E6ECA /* PBXContainerItemProxy */ = {
			isa = PBXContainerItemProxy;
			containerPortal = DC2C527E2A2E4A0D006E6ECA /* Project object */;
			proxyType = 1;
			remoteGlobalIDString = DC2C52852A2E4A0D006E6ECA;
			remoteInfo = WeatherApp;
		};
/* End PBXContainerItemProxy section */

/* Begin PBXFileReference section */
		DC2C52862A2E4A0D006E6ECA /* WeatherApp.app */ = {isa = PBXFileReference; explicitFileType = wrapper.application; includeInIndex = 0; path = WeatherApp.app; sourceTree = BUILT_PRODUCTS_DIR; };
		DC2C52892A2E4A0D006E6ECA /* AppDelegate.swift */ = {isa = PBXFileReference; lastKnownFileType = sourcecode.swift; path = AppDelegate.swift; sourceTree = "<group>"; };
		DC2C528B2A2E4A0D006E6ECA /* SceneDelegate.swift */ = {isa = PBXFileReference; lastKnownFileType = sourcecode.swift; path = SceneDelegate.swift; sourceTree = "<group>"; };
		DC2C528D2A2E4A0D006E6ECA /* ViewController.swift */ = {isa = PBXFileReference; lastKnownFileType = sourcecode.swift; path = ViewController.swift; sourceTree = "<group>"; };
		DC2C52902A2E4A0D006E6ECA /* Base */ = {isa = PBXFileReference; lastKnownFileType = file.storyboard; name = Base; path = Base.lproj/Main.storyboard; sourceTree = "<group>"; };
		DC2C52922A2E4A0E006E6ECA /* Assets.xcassets */ = {isa = PBXFileReference; lastKnownFileType = folder.assetcatalog; path = Assets.xcassets; sourceTree = "<group>"; };
		DC2C52952A2E4A0E006E6ECA /* Base */ = {isa = PBXFileReference; lastKnownFileType = file.storyboard; name = Base; path = Base.lproj/LaunchScreen.storyboard; sourceTree = "<group>"; };
		DC2C52972A2E4A0E006E6ECA /* Info.plist */ = {isa = PBXFileReference; lastKnownFileType = text.plist.xml; path = Info.plist; sourceTree = "<group>"; };
		DC2C529C2A2E4A0E006E6ECA /* WeatherAppTests.xctest */ = {isa = PBXFileReference; explicitFileType = wrapper.cfbundle; includeInIndex = 0; path = WeatherAppTests.xctest; sourceTree = BUILT_PRODUCTS_DIR; };
		DC2C52A02A2E4A0E006E6ECA /* WeatherAppTests.swift */ = {isa = PBXFileReference; lastKnownFileType = sourcecode.swift; path = WeatherAppTests.swift; sourceTree = "<group>"; };
		DC2C52A62A2E4A0F006E6ECA /* WeatherAppUITests.xctest */ = {isa = PBXFileReference; explicitFileType = wrapper.cfbundle; includeInIndex = 0; path = WeatherAppUITests.xctest; sourceTree = BUILT_PRODUCTS_DIR; };
		DC2C52AA2A2E4A0F006E6ECA /* WeatherAppUITests.swift */ = {isa = PBXFileReference; lastKnownFileType = sourcecode.swift; path = WeatherAppUITests.swift; sourceTree = "<group>"; };
		DC2C52AC2A2E4A0F006E6ECA /* WeatherAppUITestsLaunchTests.swift */ = {isa = PBXFileReference; lastKnownFileType = sourcecode.swift; path = WeatherAppUITestsLaunchTests.swift; sourceTree = "<group>"; };
		DC2C52C22A2E537C006E6ECA /* AboutUs.swift */ = {isa = PBXFileReference; lastKnownFileType = sourcecode.swift; path = AboutUs.swift; sourceTree = "<group>"; };
		DC2C52C62A2E546A006E6ECA /* WeatherView.swift */ = {isa = PBXFileReference; lastKnownFileType = sourcecode.swift; path = WeatherView.swift; sourceTree = "<group>"; };
		DC2C52CB2A2E55F5006E6ECA /* WeatherViewModel.swift */ = {isa = PBXFileReference; lastKnownFileType = sourcecode.swift; path = WeatherViewModel.swift; sourceTree = "<group>"; };
		DC2C52D02A2E5A61006E6ECA /* WeatherData.swift */ = {isa = PBXFileReference; lastKnownFileType = sourcecode.swift; path = WeatherData.swift; sourceTree = "<group>"; };
		DC2C52D52A2E5BE4006E6ECA /* LocationManager.swift */ = {isa = PBXFileReference; lastKnownFileType = sourcecode.swift; path = LocationManager.swift; sourceTree = "<group>"; };
		DC2C52D92A2E5CB4006E6ECA /* PrefrenceStore.swift */ = {isa = PBXFileReference; lastKnownFileType = sourcecode.swift; path = PrefrenceStore.swift; sourceTree = "<group>"; };
		DC2C52DD2A2E5CE4006E6ECA /* WeatherDataRepository.swift */ = {isa = PBXFileReference; lastKnownFileType = sourcecode.swift; path = WeatherDataRepository.swift; sourceTree = "<group>"; };
		DC2C52E12A2E5D00006E6ECA /* RemoteWeatherDataRepository.swift */ = {isa = PBXFileReference; lastKnownFileType = sourcecode.swift; path = RemoteWeatherDataRepository.swift; sourceTree = "<group>"; };
		DC2C52E52A2E5D29006E6ECA /* MetricsManager.swift */ = {isa = PBXFileReference; lastKnownFileType = sourcecode.swift; path = MetricsManager.swift; sourceTree = "<group>"; };
		DC2C52E92A2E5D47006E6ECA /* DependencyInjection.swift */ = {isa = PBXFileReference; lastKnownFileType = sourcecode.swift; path = DependencyInjection.swift; sourceTree = "<group>"; };
		DC2C52ED2A2E5D79006E6ECA /* WeatherAPIResponse.swift */ = {isa = PBXFileReference; lastKnownFileType = sourcecode.swift; path = WeatherAPIResponse.swift; sourceTree = "<group>"; };
/* End PBXFileReference section */

/* Begin PBXFrameworksBuildPhase section */
		DC2C52832A2E4A0D006E6ECA /* Frameworks */ = {
			isa = PBXFrameworksBuildPhase;
			buildActionMask = 2147483647;
			files = (
			);
			runOnlyForDeploymentPostprocessing = 0;
		};
		DC2C52992A2E4A0E006E6ECA /* Frameworks */ = {
			isa = PBXFrameworksBuildPhase;
			buildActionMask = 2147483647;
			files = (
			);
			runOnlyForDeploymentPostprocessing = 0;
		};
		DC2C52A32A2E4A0F006E6ECA /* Frameworks */ = {
			isa = PBXFrameworksBuildPhase;
			buildActionMask = 2147483647;
			files = (
			);
			runOnlyForDeploymentPostprocessing = 0;
		};
/* End PBXFrameworksBuildPhase section */

/* Begin PBXGroup section */
		DC2C527D2A2E4A0D006E6ECA = {
			isa = PBXGroup;
			children = (
				DC2C52882A2E4A0D006E6ECA /* WeatherApp */,
				DC2C529F2A2E4A0E006E6ECA /* WeatherAppTests */,
				DC2C52A92A2E4A0F006E6ECA /* WeatherAppUITests */,
				DC2C52872A2E4A0D006E6ECA /* Products */,
			);
			sourceTree = "<group>";
		};
		DC2C52872A2E4A0D006E6ECA /* Products */ = {
			isa = PBXGroup;
			children = (
				DC2C52862A2E4A0D006E6ECA /* WeatherApp.app */,
				DC2C529C2A2E4A0E006E6ECA /* WeatherAppTests.xctest */,
				DC2C52A62A2E4A0F006E6ECA /* WeatherAppUITests.xctest */,
			);
			name = Products;
			sourceTree = "<group>";
		};
		DC2C52882A2E4A0D006E6ECA /* WeatherApp */ = {
			isa = PBXGroup;
			children = (
				DC2C52D42A2E5BB8006E6ECA /* ViewController */,
				DC2C52CF2A2E5A3D006E6ECA /* DataModels */,
				DC2C52CA2A2E55D6006E6ECA /* ViewModels */,
				DC2C52B92A2E52D6006E6ECA /* Views */,
				DC2C52892A2E4A0D006E6ECA /* AppDelegate.swift */,
				DC2C528B2A2E4A0D006E6ECA /* SceneDelegate.swift */,
				DC2C528D2A2E4A0D006E6ECA /* ViewController.swift */,
				DC2C528F2A2E4A0D006E6ECA /* Main.storyboard */,
				DC2C52922A2E4A0E006E6ECA /* Assets.xcassets */,
				DC2C52942A2E4A0E006E6ECA /* LaunchScreen.storyboard */,
				DC2C52972A2E4A0E006E6ECA /* Info.plist */,
				DC2C52E52A2E5D29006E6ECA /* MetricsManager.swift */,
				DC2C52E92A2E5D47006E6ECA /* DependencyInjection.swift */,
			);
			path = WeatherApp;
			sourceTree = "<group>";
		};
		DC2C529F2A2E4A0E006E6ECA /* WeatherAppTests */ = {
			isa = PBXGroup;
			children = (
				DC2C52A02A2E4A0E006E6ECA /* WeatherAppTests.swift */,
			);
			path = WeatherAppTests;
			sourceTree = "<group>";
		};
		DC2C52A92A2E4A0F006E6ECA /* WeatherAppUITests */ = {
			isa = PBXGroup;
			children = (
				DC2C52AA2A2E4A0F006E6ECA /* WeatherAppUITests.swift */,
				DC2C52AC2A2E4A0F006E6ECA /* WeatherAppUITestsLaunchTests.swift */,
			);
			path = WeatherAppUITests;
			sourceTree = "<group>";
		};
		DC2C52B92A2E52D6006E6ECA /* Views */ = {
			isa = PBXGroup;
			children = (
				DC2C52C22A2E537C006E6ECA /* AboutUs.swift */,
				DC2C52C62A2E546A006E6ECA /* WeatherView.swift */,
			);
			path = Views;
			sourceTree = "<group>";
		};
		DC2C52CA2A2E55D6006E6ECA /* ViewModels */ = {
			isa = PBXGroup;
			children = (
				DC2C52CB2A2E55F5006E6ECA /* WeatherViewModel.swift */,
			);
			path = ViewModels;
			sourceTree = "<group>";
		};
		DC2C52CF2A2E5A3D006E6ECA /* DataModels */ = {
			isa = PBXGroup;
			children = (
				DC2C52D02A2E5A61006E6ECA /* WeatherData.swift */,
				DC2C52ED2A2E5D79006E6ECA /* WeatherAPIResponse.swift */,
			);
			path = DataModels;
			sourceTree = "<group>";
		};
		DC2C52D42A2E5BB8006E6ECA /* ViewController */ = {
			isa = PBXGroup;
			children = (
				DC2C52D52A2E5BE4006E6ECA /* LocationManager.swift */,
				DC2C52D92A2E5CB4006E6ECA /* PrefrenceStore.swift */,
				DC2C52DD2A2E5CE4006E6ECA /* WeatherDataRepository.swift */,
				DC2C52E12A2E5D00006E6ECA /* RemoteWeatherDataRepository.swift */,
			);
			path = ViewController;
			sourceTree = "<group>";
		};
/* End PBXGroup section */

/* Begin PBXNativeTarget section */
		DC2C52852A2E4A0D006E6ECA /* WeatherApp */ = {
			isa = PBXNativeTarget;
			buildConfigurationList = DC2C52B02A2E4A0F006E6ECA /* Build configuration list for PBXNativeTarget "WeatherApp" */;
			buildPhases = (
				DC2C52822A2E4A0D006E6ECA /* Sources */,
				DC2C52832A2E4A0D006E6ECA /* Frameworks */,
				DC2C52842A2E4A0D006E6ECA /* Resources */,
			);
			buildRules = (
			);
			dependencies = (
			);
			name = WeatherApp;
			productName = WeatherApp;
			productReference = DC2C52862A2E4A0D006E6ECA /* WeatherApp.app */;
			productType = "com.apple.product-type.application";
		};
		DC2C529B2A2E4A0E006E6ECA /* WeatherAppTests */ = {
			isa = PBXNativeTarget;
			buildConfigurationList = DC2C52B32A2E4A0F006E6ECA /* Build configuration list for PBXNativeTarget "WeatherAppTests" */;
			buildPhases = (
				DC2C52982A2E4A0E006E6ECA /* Sources */,
				DC2C52992A2E4A0E006E6ECA /* Frameworks */,
				DC2C529A2A2E4A0E006E6ECA /* Resources */,
			);
			buildRules = (
			);
			dependencies = (
				DC2C529E2A2E4A0E006E6ECA /* PBXTargetDependency */,
			);
			name = WeatherAppTests;
			productName = WeatherAppTests;
			productReference = DC2C529C2A2E4A0E006E6ECA /* WeatherAppTests.xctest */;
			productType = "com.apple.product-type.bundle.unit-test";
		};
		DC2C52A52A2E4A0F006E6ECA /* WeatherAppUITests */ = {
			isa = PBXNativeTarget;
			buildConfigurationList = DC2C52B62A2E4A0F006E6ECA /* Build configuration list for PBXNativeTarget "WeatherAppUITests" */;
			buildPhases = (
				DC2C52A22A2E4A0F006E6ECA /* Sources */,
				DC2C52A32A2E4A0F006E6ECA /* Frameworks */,
				DC2C52A42A2E4A0F006E6ECA /* Resources */,
			);
			buildRules = (
			);
			dependencies = (
				DC2C52A82A2E4A0F006E6ECA /* PBXTargetDependency */,
			);
			name = WeatherAppUITests;
			productName = WeatherAppUITests;
			productReference = DC2C52A62A2E4A0F006E6ECA /* WeatherAppUITests.xctest */;
			productType = "com.apple.product-type.bundle.ui-testing";
		};
/* End PBXNativeTarget section */

/* Begin PBXProject section */
		DC2C527E2A2E4A0D006E6ECA /* Project object */ = {
			isa = PBXProject;
			attributes = {
				BuildIndependentTargetsInParallel = 1;
				LastSwiftUpdateCheck = 1430;
				LastUpgradeCheck = 1430;
				TargetAttributes = {
					DC2C52852A2E4A0D006E6ECA = {
						CreatedOnToolsVersion = 14.3;
					};
					DC2C529B2A2E4A0E006E6ECA = {
						CreatedOnToolsVersion = 14.3;
						TestTargetID = DC2C52852A2E4A0D006E6ECA;
					};
					DC2C52A52A2E4A0F006E6ECA = {
						CreatedOnToolsVersion = 14.3;
						TestTargetID = DC2C52852A2E4A0D006E6ECA;
					};
				};
			};
			buildConfigurationList = DC2C52812A2E4A0D006E6ECA /* Build configuration list for PBXProject "WeatherApp" */;
			compatibilityVersion = "Xcode 14.0";
			developmentRegion = en;
			hasScannedForEncodings = 0;
			knownRegions = (
				en,
				Base,
			);
			mainGroup = DC2C527D2A2E4A0D006E6ECA;
			productRefGroup = DC2C52872A2E4A0D006E6ECA /* Products */;
			projectDirPath = "";
			projectRoot = "";
			targets = (
				DC2C52852A2E4A0D006E6ECA /* WeatherApp */,
				DC2C529B2A2E4A0E006E6ECA /* WeatherAppTests */,
				DC2C52A52A2E4A0F006E6ECA /* WeatherAppUITests */,
			);
		};
/* End PBXProject section */

/* Begin PBXResourcesBuildPhase section */
		DC2C52842A2E4A0D006E6ECA /* Resources */ = {
			isa = PBXResourcesBuildPhase;
			buildActionMask = 2147483647;
			files = (
				DC2C52962A2E4A0E006E6ECA /* LaunchScreen.storyboard in Resources */,
				DC2C52932A2E4A0E006E6ECA /* Assets.xcassets in Resources */,
				DC2C52912A2E4A0D006E6ECA /* Main.storyboard in Resources */,
			);
			runOnlyForDeploymentPostprocessing = 0;
		};
		DC2C529A2A2E4A0E006E6ECA /* Resources */ = {
			isa = PBXResourcesBuildPhase;
			buildActionMask = 2147483647;
			files = (
			);
			runOnlyForDeploymentPostprocessing = 0;
		};
		DC2C52A42A2E4A0F006E6ECA /* Resources */ = {
			isa = PBXResourcesBuildPhase;
			buildActionMask = 2147483647;
			files = (
			);
			runOnlyForDeploymentPostprocessing = 0;
		};
/* End PBXResourcesBuildPhase section */

/* Begin PBXSourcesBuildPhase section */
		DC2C52822A2E4A0D006E6ECA /* Sources */ = {
			isa = PBXSourcesBuildPhase;
			buildActionMask = 2147483647;
			files = (
				DC2C52EE2A2E5D79006E6ECA /* WeatherAPIResponse.swift in Sources */,
				DC2C52DE2A2E5CE4006E6ECA /* WeatherDataRepository.swift in Sources */,
				DC2C52C72A2E546A006E6ECA /* WeatherView.swift in Sources */,
				DC2C52EA2A2E5D47006E6ECA /* DependencyInjection.swift in Sources */,
				DC2C52CC2A2E55F5006E6ECA /* WeatherViewModel.swift in Sources */,
				DC2C52D12A2E5A61006E6ECA /* WeatherData.swift in Sources */,
				DC2C52E22A2E5D00006E6ECA /* RemoteWeatherDataRepository.swift in Sources */,
				DC2C528E2A2E4A0D006E6ECA /* ViewController.swift in Sources */,
				DC2C52D62A2E5BE4006E6ECA /* LocationManager.swift in Sources */,
				DC2C528A2A2E4A0D006E6ECA /* AppDelegate.swift in Sources */,
				DC2C52DA2A2E5CB4006E6ECA /* PrefrenceStore.swift in Sources */,
				DC2C52E62A2E5D29006E6ECA /* MetricsManager.swift in Sources */,
				DC2C528C2A2E4A0D006E6ECA /* SceneDelegate.swift in Sources */,
				DC2C52C32A2E537C006E6ECA /* AboutUs.swift in Sources */,
			);
			runOnlyForDeploymentPostprocessing = 0;
		};
		DC2C52982A2E4A0E006E6ECA /* Sources */ = {
			isa = PBXSourcesBuildPhase;
			buildActionMask = 2147483647;
			files = (
				DC2C52EF2A2E5D79006E6ECA /* WeatherAPIResponse.swift in Sources */,
				DC2C52DF2A2E5CE4006E6ECA /* WeatherDataRepository.swift in Sources */,
				DC2C52C82A2E546A006E6ECA /* WeatherView.swift in Sources */,
				DC2C52E32A2E5D00006E6ECA /* RemoteWeatherDataRepository.swift in Sources */,
				DC2C52D22A2E5A61006E6ECA /* WeatherData.swift in Sources */,
				DC2C52D72A2E5BE4006E6ECA /* LocationManager.swift in Sources */,
				DC2C52CD2A2E55F5006E6ECA /* WeatherViewModel.swift in Sources */,
				DC2C52A12A2E4A0E006E6ECA /* WeatherAppTests.swift in Sources */,
				DC2C52E72A2E5D29006E6ECA /* MetricsManager.swift in Sources */,
				DC2C52C42A2E537C006E6ECA /* AboutUs.swift in Sources */,
				DC2C52DB2A2E5CB4006E6ECA /* PrefrenceStore.swift in Sources */,
				DC2C52EB2A2E5D47006E6ECA /* DependencyInjection.swift in Sources */,
			);
			runOnlyForDeploymentPostprocessing = 0;
		};
		DC2C52A22A2E4A0F006E6ECA /* Sources */ = {
			isa = PBXSourcesBuildPhase;
			buildActionMask = 2147483647;
			files = (
				DC2C52E02A2E5CE4006E6ECA /* WeatherDataRepository.swift in Sources */,
				DC2C52CE2A2E55F5006E6ECA /* WeatherViewModel.swift in Sources */,
				DC2C52F02A2E5D79006E6ECA /* WeatherAPIResponse.swift in Sources */,
				DC2C52EC2A2E5D47006E6ECA /* DependencyInjection.swift in Sources */,
				DC2C52E42A2E5D00006E6ECA /* RemoteWeatherDataRepository.swift in Sources */,
				DC2C52C52A2E537C006E6ECA /* AboutUs.swift in Sources */,
				DC2C52AB2A2E4A0F006E6ECA /* WeatherAppUITests.swift in Sources */,
				DC2C52D82A2E5BE4006E6ECA /* LocationManager.swift in Sources */,
				DC2C52AD2A2E4A0F006E6ECA /* WeatherAppUITestsLaunchTests.swift in Sources */,
				DC2C52E82A2E5D29006E6ECA /* MetricsManager.swift in Sources */,
				DC2C52D32A2E5A61006E6ECA /* WeatherData.swift in Sources */,
				DC2C52DC2A2E5CB4006E6ECA /* PrefrenceStore.swift in Sources */,
				DC2C52C92A2E546A006E6ECA /* WeatherView.swift in Sources */,
			);
			runOnlyForDeploymentPostprocessing = 0;
		};
/* End PBXSourcesBuildPhase section */

/* Begin PBXTargetDependency section */
		DC2C529E2A2E4A0E006E6ECA /* PBXTargetDependency */ = {
			isa = PBXTargetDependency;
			target = DC2C52852A2E4A0D006E6ECA /* WeatherApp */;
			targetProxy = DC2C529D2A2E4A0E006E6ECA /* PBXContainerItemProxy */;
		};
		DC2C52A82A2E4A0F006E6ECA /* PBXTargetDependency */ = {
			isa = PBXTargetDependency;
			target = DC2C52852A2E4A0D006E6ECA /* WeatherApp */;
			targetProxy = DC2C52A72A2E4A0F006E6ECA /* PBXContainerItemProxy */;
		};
/* End PBXTargetDependency section */

/* Begin PBXVariantGroup section */
		DC2C528F2A2E4A0D006E6ECA /* Main.storyboard */ = {
			isa = PBXVariantGroup;
			children = (
				DC2C52902A2E4A0D006E6ECA /* Base */,
			);
			name = Main.storyboard;
			sourceTree = "<group>";
		};
		DC2C52942A2E4A0E006E6ECA /* LaunchScreen.storyboard */ = {
			isa = PBXVariantGroup;
			children = (
				DC2C52952A2E4A0E006E6ECA /* Base */,
			);
			name = LaunchScreen.storyboard;
			sourceTree = "<group>";
		};
/* End PBXVariantGroup section */

/* Begin XCBuildConfiguration section */
		DC2C52AE2A2E4A0F006E6ECA /* Debug */ = {
			isa = XCBuildConfiguration;
			buildSettings = {
				ALWAYS_SEARCH_USER_PATHS = NO;
				CLANG_ANALYZER_NONNULL = YES;
				CLANG_ANALYZER_NUMBER_OBJECT_CONVERSION = YES_AGGRESSIVE;
				CLANG_CXX_LANGUAGE_STANDARD = "gnu++20";
				CLANG_ENABLE_MODULES = YES;
				CLANG_ENABLE_OBJC_ARC = YES;
				CLANG_ENABLE_OBJC_WEAK = YES;
				CLANG_WARN_BLOCK_CAPTURE_AUTORELEASING = YES;
				CLANG_WARN_BOOL_CONVERSION = YES;
				CLANG_WARN_COMMA = YES;
				CLANG_WARN_CONSTANT_CONVERSION = YES;
				CLANG_WARN_DEPRECATED_OBJC_IMPLEMENTATIONS = YES;
				CLANG_WARN_DIRECT_OBJC_ISA_USAGE = YES_ERROR;
				CLANG_WARN_DOCUMENTATION_COMMENTS = YES;
				CLANG_WARN_EMPTY_BODY = YES;
				CLANG_WARN_ENUM_CONVERSION = YES;
				CLANG_WARN_INFINITE_RECURSION = YES;
				CLANG_WARN_INT_CONVERSION = YES;
				CLANG_WARN_NON_LITERAL_NULL_CONVERSION = YES;
				CLANG_WARN_OBJC_IMPLICIT_RETAIN_SELF = YES;
				CLANG_WARN_OBJC_LITERAL_CONVERSION = YES;
				CLANG_WARN_OBJC_ROOT_CLASS = YES_ERROR;
				CLANG_WARN_QUOTED_INCLUDE_IN_FRAMEWORK_HEADER = YES;
				CLANG_WARN_RANGE_LOOP_ANALYSIS = YES;
				CLANG_WARN_STRICT_PROTOTYPES = YES;
				CLANG_WARN_SUSPICIOUS_MOVE = YES;
				CLANG_WARN_UNGUARDED_AVAILABILITY = YES_AGGRESSIVE;
				CLANG_WARN_UNREACHABLE_CODE = YES;
				CLANG_WARN__DUPLICATE_METHOD_MATCH = YES;
				COPY_PHASE_STRIP = NO;
				DEBUG_INFORMATION_FORMAT = dwarf;
				ENABLE_STRICT_OBJC_MSGSEND = YES;
				ENABLE_TESTABILITY = YES;
				GCC_C_LANGUAGE_STANDARD = gnu11;
				GCC_DYNAMIC_NO_PIC = NO;
				GCC_NO_COMMON_BLOCKS = YES;
				GCC_OPTIMIZATION_LEVEL = 0;
				GCC_PREPROCESSOR_DEFINITIONS = (
					"DEBUG=1",
					"$(inherited)",
				);
				GCC_WARN_64_TO_32_BIT_CONVERSION = YES;
				GCC_WARN_ABOUT_RETURN_TYPE = YES_ERROR;
				GCC_WARN_UNDECLARED_SELECTOR = YES;
				GCC_WARN_UNINITIALIZED_AUTOS = YES_AGGRESSIVE;
				GCC_WARN_UNUSED_FUNCTION = YES;
				GCC_WARN_UNUSED_VARIABLE = YES;
				IPHONEOS_DEPLOYMENT_TARGET = 16.4;
				MTL_ENABLE_DEBUG_INFO = INCLUDE_SOURCE;
				MTL_FAST_MATH = YES;
				ONLY_ACTIVE_ARCH = YES;
				SDKROOT = iphoneos;
				SWIFT_ACTIVE_COMPILATION_CONDITIONS = DEBUG;
				SWIFT_OPTIMIZATION_LEVEL = "-Onone";
			};
			name = Debug;
		};
		DC2C52AF2A2E4A0F006E6ECA /* Release */ = {
			isa = XCBuildConfiguration;
			buildSettings = {
				ALWAYS_SEARCH_USER_PATHS = NO;
				CLANG_ANALYZER_NONNULL = YES;
				CLANG_ANALYZER_NUMBER_OBJECT_CONVERSION = YES_AGGRESSIVE;
				CLANG_CXX_LANGUAGE_STANDARD = "gnu++20";
				CLANG_ENABLE_MODULES = YES;
				CLANG_ENABLE_OBJC_ARC = YES;
				CLANG_ENABLE_OBJC_WEAK = YES;
				CLANG_WARN_BLOCK_CAPTURE_AUTORELEASING = YES;
				CLANG_WARN_BOOL_CONVERSION = YES;
				CLANG_WARN_COMMA = YES;
				CLANG_WARN_CONSTANT_CONVERSION = YES;
				CLANG_WARN_DEPRECATED_OBJC_IMPLEMENTATIONS = YES;
				CLANG_WARN_DIRECT_OBJC_ISA_USAGE = YES_ERROR;
				CLANG_WARN_DOCUMENTATION_COMMENTS = YES;
				CLANG_WARN_EMPTY_BODY = YES;
				CLANG_WARN_ENUM_CONVERSION = YES;
				CLANG_WARN_INFINITE_RECURSION = YES;
				CLANG_WARN_INT_CONVERSION = YES;
				CLANG_WARN_NON_LITERAL_NULL_CONVERSION = YES;
				CLANG_WARN_OBJC_IMPLICIT_RETAIN_SELF = YES;
				CLANG_WARN_OBJC_LITERAL_CONVERSION = YES;
				CLANG_WARN_OBJC_ROOT_CLASS = YES_ERROR;
				CLANG_WARN_QUOTED_INCLUDE_IN_FRAMEWORK_HEADER = YES;
				CLANG_WARN_RANGE_LOOP_ANALYSIS = YES;
				CLANG_WARN_STRICT_PROTOTYPES = YES;
				CLANG_WARN_SUSPICIOUS_MOVE = YES;
				CLANG_WARN_UNGUARDED_AVAILABILITY = YES_AGGRESSIVE;
				CLANG_WARN_UNREACHABLE_CODE = YES;
				CLANG_WARN__DUPLICATE_METHOD_MATCH = YES;
				COPY_PHASE_STRIP = NO;
				DEBUG_INFORMATION_FORMAT = "dwarf-with-dsym";
				ENABLE_NS_ASSERTIONS = NO;
				ENABLE_STRICT_OBJC_MSGSEND = YES;
				GCC_C_LANGUAGE_STANDARD = gnu11;
				GCC_NO_COMMON_BLOCKS = YES;
				GCC_WARN_64_TO_32_BIT_CONVERSION = YES;
				GCC_WARN_ABOUT_RETURN_TYPE = YES_ERROR;
				GCC_WARN_UNDECLARED_SELECTOR = YES;
				GCC_WARN_UNINITIALIZED_AUTOS = YES_AGGRESSIVE;
				GCC_WARN_UNUSED_FUNCTION = YES;
				GCC_WARN_UNUSED_VARIABLE = YES;
				IPHONEOS_DEPLOYMENT_TARGET = 16.4;
				MTL_ENABLE_DEBUG_INFO = NO;
				MTL_FAST_MATH = YES;
				SDKROOT = iphoneos;
				SWIFT_COMPILATION_MODE = wholemodule;
				SWIFT_OPTIMIZATION_LEVEL = "-O";
				VALIDATE_PRODUCT = YES;
			};
			name = Release;
		};
		DC2C52B12A2E4A0F006E6ECA /* Debug */ = {
			isa = XCBuildConfiguration;
			buildSettings = {
				ASSETCATALOG_COMPILER_APPICON_NAME = AppIcon;
				ASSETCATALOG_COMPILER_GLOBAL_ACCENT_COLOR_NAME = AccentColor;
				CODE_SIGN_STYLE = Automatic;
				CURRENT_PROJECT_VERSION = 1;
				DEVELOPMENT_TEAM = J52RGEVWVP;
				GENERATE_INFOPLIST_FILE = YES;
				INFOPLIST_FILE = WeatherApp/Info.plist;
				INFOPLIST_KEY_NSLocationAlwaysAndWhenInUseUsageDescription = "We want to track you and stuff.";
				INFOPLIST_KEY_NSLocationWhenInUseUsageDescription = "We want to track you and stuff.";
				INFOPLIST_KEY_UIApplicationSupportsIndirectInputEvents = YES;
				INFOPLIST_KEY_UILaunchStoryboardName = LaunchScreen;
				INFOPLIST_KEY_UIMainStoryboardFile = Main;
				INFOPLIST_KEY_UISupportedInterfaceOrientations_iPad = "UIInterfaceOrientationPortrait UIInterfaceOrientationPortraitUpsideDown UIInterfaceOrientationLandscapeLeft UIInterfaceOrientationLandscapeRight";
				INFOPLIST_KEY_UISupportedInterfaceOrientations_iPhone = "UIInterfaceOrientationPortrait UIInterfaceOrientationLandscapeLeft UIInterfaceOrientationLandscapeRight";
				LD_RUNPATH_SEARCH_PATHS = (
					"$(inherited)",
					"@executable_path/Frameworks",
				);
				MARKETING_VERSION = 1.0;
				PRODUCT_BUNDLE_IDENTIFIER = com.chetanbhalara.WeatherApp;
				PRODUCT_NAME = "$(TARGET_NAME)";
				SWIFT_EMIT_LOC_STRINGS = YES;
				SWIFT_VERSION = 5.0;
				TARGETED_DEVICE_FAMILY = "1,2";
			};
			name = Debug;
		};
		DC2C52B22A2E4A0F006E6ECA /* Release */ = {
			isa = XCBuildConfiguration;
			buildSettings = {
				ASSETCATALOG_COMPILER_APPICON_NAME = AppIcon;
				ASSETCATALOG_COMPILER_GLOBAL_ACCENT_COLOR_NAME = AccentColor;
				CODE_SIGN_STYLE = Automatic;
				CURRENT_PROJECT_VERSION = 1;
				DEVELOPMENT_TEAM = J52RGEVWVP;
				GENERATE_INFOPLIST_FILE = YES;
				INFOPLIST_FILE = WeatherApp/Info.plist;
				INFOPLIST_KEY_NSLocationAlwaysAndWhenInUseUsageDescription = "We want to track you and stuff.";
				INFOPLIST_KEY_NSLocationWhenInUseUsageDescription = "We want to track you and stuff.";
				INFOPLIST_KEY_UIApplicationSupportsIndirectInputEvents = YES;
				INFOPLIST_KEY_UILaunchStoryboardName = LaunchScreen;
				INFOPLIST_KEY_UIMainStoryboardFile = Main;
				INFOPLIST_KEY_UISupportedInterfaceOrientations_iPad = "UIInterfaceOrientationPortrait UIInterfaceOrientationPortraitUpsideDown UIInterfaceOrientationLandscapeLeft UIInterfaceOrientationLandscapeRight";
				INFOPLIST_KEY_UISupportedInterfaceOrientations_iPhone = "UIInterfaceOrientationPortrait UIInterfaceOrientationLandscapeLeft UIInterfaceOrientationLandscapeRight";
				LD_RUNPATH_SEARCH_PATHS = (
					"$(inherited)",
					"@executable_path/Frameworks",
				);
				MARKETING_VERSION = 1.0;
				PRODUCT_BUNDLE_IDENTIFIER = com.chetanbhalara.WeatherApp;
				PRODUCT_NAME = "$(TARGET_NAME)";
				SWIFT_EMIT_LOC_STRINGS = YES;
				SWIFT_VERSION = 5.0;
				TARGETED_DEVICE_FAMILY = "1,2";
			};
			name = Release;
		};
		DC2C52B42A2E4A0F006E6ECA /* Debug */ = {
			isa = XCBuildConfiguration;
			buildSettings = {
				ALWAYS_EMBED_SWIFT_STANDARD_LIBRARIES = YES;
				BUNDLE_LOADER = "$(TEST_HOST)";
				CODE_SIGN_STYLE = Automatic;
				CURRENT_PROJECT_VERSION = 1;
				DEVELOPMENT_TEAM = J52RGEVWVP;
				GENERATE_INFOPLIST_FILE = YES;
				IPHONEOS_DEPLOYMENT_TARGET = 16.4;
				MARKETING_VERSION = 1.0;
				PRODUCT_BUNDLE_IDENTIFIER = com.chetanbhalara.WeatherAppTests;
				PRODUCT_NAME = "$(TARGET_NAME)";
				SWIFT_EMIT_LOC_STRINGS = NO;
				SWIFT_VERSION = 5.0;
				TARGETED_DEVICE_FAMILY = "1,2";
				TEST_HOST = "$(BUILT_PRODUCTS_DIR)/WeatherApp.app/$(BUNDLE_EXECUTABLE_FOLDER_PATH)/WeatherApp";
			};
			name = Debug;
		};
		DC2C52B52A2E4A0F006E6ECA /* Release */ = {
			isa = XCBuildConfiguration;
			buildSettings = {
				ALWAYS_EMBED_SWIFT_STANDARD_LIBRARIES = YES;
				BUNDLE_LOADER = "$(TEST_HOST)";
				CODE_SIGN_STYLE = Automatic;
				CURRENT_PROJECT_VERSION = 1;
				DEVELOPMENT_TEAM = J52RGEVWVP;
				GENERATE_INFOPLIST_FILE = YES;
				IPHONEOS_DEPLOYMENT_TARGET = 16.4;
				MARKETING_VERSION = 1.0;
				PRODUCT_BUNDLE_IDENTIFIER = com.chetanbhalara.WeatherAppTests;
				PRODUCT_NAME = "$(TARGET_NAME)";
				SWIFT_EMIT_LOC_STRINGS = NO;
				SWIFT_VERSION = 5.0;
				TARGETED_DEVICE_FAMILY = "1,2";
				TEST_HOST = "$(BUILT_PRODUCTS_DIR)/WeatherApp.app/$(BUNDLE_EXECUTABLE_FOLDER_PATH)/WeatherApp";
			};
			name = Release;
		};
		DC2C52B72A2E4A0F006E6ECA /* Debug */ = {
			isa = XCBuildConfiguration;
			buildSettings = {
				ALWAYS_EMBED_SWIFT_STANDARD_LIBRARIES = YES;
				CODE_SIGN_STYLE = Automatic;
				CURRENT_PROJECT_VERSION = 1;
				DEVELOPMENT_TEAM = J52RGEVWVP;
				GENERATE_INFOPLIST_FILE = YES;
				MARKETING_VERSION = 1.0;
				PRODUCT_BUNDLE_IDENTIFIER = com.chetanbhalara.WeatherAppUITests;
				PRODUCT_NAME = "$(TARGET_NAME)";
				SWIFT_EMIT_LOC_STRINGS = NO;
				SWIFT_VERSION = 5.0;
				TARGETED_DEVICE_FAMILY = "1,2";
				TEST_TARGET_NAME = WeatherApp;
			};
			name = Debug;
		};
		DC2C52B82A2E4A0F006E6ECA /* Release */ = {
			isa = XCBuildConfiguration;
			buildSettings = {
				ALWAYS_EMBED_SWIFT_STANDARD_LIBRARIES = YES;
				CODE_SIGN_STYLE = Automatic;
				CURRENT_PROJECT_VERSION = 1;
				DEVELOPMENT_TEAM = J52RGEVWVP;
				GENERATE_INFOPLIST_FILE = YES;
				MARKETING_VERSION = 1.0;
				PRODUCT_BUNDLE_IDENTIFIER = com.chetanbhalara.WeatherAppUITests;
				PRODUCT_NAME = "$(TARGET_NAME)";
				SWIFT_EMIT_LOC_STRINGS = NO;
				SWIFT_VERSION = 5.0;
				TARGETED_DEVICE_FAMILY = "1,2";
				TEST_TARGET_NAME = WeatherApp;
			};
			name = Release;
		};
/* End XCBuildConfiguration section */

/* Begin XCConfigurationList section */
		DC2C52812A2E4A0D006E6ECA /* Build configuration list for PBXProject "WeatherApp" */ = {
			isa = XCConfigurationList;
			buildConfigurations = (
				DC2C52AE2A2E4A0F006E6ECA /* Debug */,
				DC2C52AF2A2E4A0F006E6ECA /* Release */,
			);
			defaultConfigurationIsVisible = 0;
			defaultConfigurationName = Release;
		};
		DC2C52B02A2E4A0F006E6ECA /* Build configuration list for PBXNativeTarget "WeatherApp" */ = {
			isa = XCConfigurationList;
			buildConfigurations = (
				DC2C52B12A2E4A0F006E6ECA /* Debug */,
				DC2C52B22A2E4A0F006E6ECA /* Release */,
			);
			defaultConfigurationIsVisible = 0;
			defaultConfigurationName = Release;
		};
		DC2C52B32A2E4A0F006E6ECA /* Build configuration list for PBXNativeTarget "WeatherAppTests" */ = {
			isa = XCConfigurationList;
			buildConfigurations = (
				DC2C52B42A2E4A0F006E6ECA /* Debug */,
				DC2C52B52A2E4A0F006E6ECA /* Release */,
			);
			defaultConfigurationIsVisible = 0;
			defaultConfigurationName = Release;
		};
		DC2C52B62A2E4A0F006E6ECA /* Build configuration list for PBXNativeTarget "WeatherAppUITests" */ = {
			isa = XCConfigurationList;
			buildConfigurations = (
				DC2C52B72A2E4A0F006E6ECA /* Debug */,
				DC2C52B82A2E4A0F006E6ECA /* Release */,
			);
			defaultConfigurationIsVisible = 0;
			defaultConfigurationName = Release;
		};
/* End XCConfigurationList section */
	};
	rootObject = DC2C527E2A2E4A0D006E6ECA /* Project object */;
}
